
Microsoft Visual Studio Solution File, Format Version 12.00
# Visual Studio Version 16
VisualStudioVersion = 16.0.29709.97
MinimumVisualStudioVersion = 10.0.40219.1
Project("{FAE04EC0-301F-11D3-BF4B-00C04F79EFBC}") = "Project_test", "Project_test\Project_test.csproj", "{BA988426-49EC-4F29-A3B5-CA5EF4ED543A}"
EndProject
Global
	GlobalSection(SolutionConfigurationPlatforms) = preSolution
		Debug|Any CPU = Debug|Any CPU
		Release|Any CPU = Release|Any CPU
	EndGlobalSection
	GlobalSection(ProjectConfigurationPlatforms) = postSolution
		{BA988426-49EC-4F29-A3B5-CA5EF4ED543A}.Debug|Any CPU.ActiveCfg = Debug|Any CPU
		{BA988426-49EC-4F29-A3B5-CA5EF4ED543A}.Debug|Any CPU.Build.0 = Debug|Any CPU
		{BA988426-49EC-4F29-A3B5-CA5EF4ED543A}.Release|Any CPU.ActiveCfg = Release|Any CPU
		{BA988426-49EC-4F29-A3B5-CA5EF4ED543A}.Release|Any CPU.Build.0 = Release|Any CPU
	EndGlobalSection
	GlobalSection(SolutionProperties) = preSolution
		HideSolutionNode = FALSE
	EndGlobalSection
	GlobalSection(ExtensibilityGlobals) = postSolution
		SolutionGuid = {84E40021-441A-418C-91C3-62AF4E3ECA94}
	EndGlobalSection
EndGlobal
